
Microsoft Visual Studio Solution File, Format Version 12.00
# Visual Studio Version 16
VisualStudioVersion = 16.0.31829.152
MinimumVisualStudioVersion = 10.0.40219.1
Project("{FAE04EC0-301F-11D3-BF4B-00C04F79EFBC}") = "SocialMediaLib", "SocialMediaLib\SocialMediaLib.csproj", "{63158912-CB37-491F-BC5F-5950B64F3957}"
EndProject
Global
	GlobalSection(SolutionConfigurationPlatforms) = preSolution
		Debug|Any CPU = Debug|Any CPU
		Release|Any CPU = Release|Any CPU
	EndGlobalSection
	GlobalSection(ProjectConfigurationPlatforms) = postSolution
		{63158912-CB37-491F-BC5F-5950B64F3957}.Debug|Any CPU.ActiveCfg = Debug|Any CPU
		{63158912-CB37-491F-BC5F-5950B64F3957}.Debug|Any CPU.Build.0 = Debug|Any CPU
		{63158912-CB37-491F-BC5F-5950B64F3957}.Release|Any CPU.ActiveCfg = Release|Any CPU
		{63158912-CB37-491F-BC5F-5950B64F3957}.Release|Any CPU.Build.0 = Release|Any CPU
	EndGlobalSection
	GlobalSection(SolutionProperties) = preSolution
		HideSolutionNode = FALSE
	EndGlobalSection
	GlobalSection(ExtensibilityGlobals) = postSolution
		SolutionGuid = {BD47631B-21A8-4400-8D09-939DE8C36C3E}
	EndGlobalSection
EndGlobal
